
Microsoft Visual Studio Solution File, Format Version 12.00
# Visual Studio Version 17
VisualStudioVersion = 17.10.35013.160
MinimumVisualStudioVersion = 10.0.40219.1
Project("{FAE04EC0-301F-11D3-BF4B-00C04F79EFBC}") = "Mizrachi_Bank_Assignment", "Mizrachi_Bank_Assignment\Mizrachi_Bank_Assignment.csproj", "{F6E994D6-7435-40E1-BE90-99F7784ED9B1}"
EndProject
Global
	GlobalSection(SolutionConfigurationPlatforms) = preSolution
		Debug|Any CPU = Debug|Any CPU
		Release|Any CPU = Release|Any CPU
	EndGlobalSection
	GlobalSection(ProjectConfigurationPlatforms) = postSolution
		{F6E994D6-7435-40E1-BE90-99F7784ED9B1}.Debug|Any CPU.ActiveCfg = Debug|Any CPU
		{F6E994D6-7435-40E1-BE90-99F7784ED9B1}.Debug|Any CPU.Build.0 = Debug|Any CPU
		{F6E994D6-7435-40E1-BE90-99F7784ED9B1}.Release|Any CPU.ActiveCfg = Release|Any CPU
		{F6E994D6-7435-40E1-BE90-99F7784ED9B1}.Release|Any CPU.Build.0 = Release|Any CPU
	EndGlobalSection
	GlobalSection(SolutionProperties) = preSolution
		HideSolutionNode = FALSE
	EndGlobalSection
	GlobalSection(ExtensibilityGlobals) = postSolution
		SolutionGuid = {AED6B2B8-0D62-413A-9377-8A5D47079009}
	EndGlobalSection
EndGlobal
